
Microsoft Visual Studio Solution File, Format Version 12.00
# Visual Studio Version 17
VisualStudioVersion = 17.3.32901.215
MinimumVisualStudioVersion = 10.0.40219.1
Project("{8BC9CEB8-8B4A-11D0-8D11-00A0C91BC942}") = "problem5_NumberOfDays-Houres-Minutes-Seconds_OfMonth", "problem5_NumberOfDays-Houres-Minutes-Seconds_OfMonth\problem5_NumberOfDays-Houres-Minutes-Seconds_OfMonth.vcxproj", "{C5E16117-BBE9-4DC3-83E8-B44A92409DF7}"
EndProject
Global
	GlobalSection(SolutionConfigurationPlatforms) = preSolution
		Debug|x64 = Debug|x64
		Debug|x86 = Debug|x86
		Release|x64 = Release|x64
		Release|x86 = Release|x86
	EndGlobalSection
	GlobalSection(ProjectConfigurationPlatforms) = postSolution
		{C5E16117-BBE9-4DC3-83E8-B44A92409DF7}.Debug|x64.ActiveCfg = Debug|x64
		{C5E16117-BBE9-4DC3-83E8-B44A92409DF7}.Debug|x64.Build.0 = Debug|x64
		{C5E16117-BBE9-4DC3-83E8-B44A92409DF7}.Debug|x86.ActiveCfg = Debug|Win32
		{C5E16117-BBE9-4DC3-83E8-B44A92409DF7}.Debug|x86.Build.0 = Debug|Win32
		{C5E16117-BBE9-4DC3-83E8-B44A92409DF7}.Release|x64.ActiveCfg = Release|x64
		{C5E16117-BBE9-4DC3-83E8-B44A92409DF7}.Release|x64.Build.0 = Release|x64
		{C5E16117-BBE9-4DC3-83E8-B44A92409DF7}.Release|x86.ActiveCfg = Release|Win32
		{C5E16117-BBE9-4DC3-83E8-B44A92409DF7}.Release|x86.Build.0 = Release|Win32
	EndGlobalSection
	GlobalSection(SolutionProperties) = preSolution
		HideSolutionNode = FALSE
	EndGlobalSection
	GlobalSection(ExtensibilityGlobals) = postSolution
		SolutionGuid = {A0A020C2-0B0B-4BAF-A1B6-1EC66F399D90}
	EndGlobalSection
EndGlobal
